
Microsoft Visual Studio Solution File, Format Version 12.00
Project("{FAE04EC0-301F-11D3-BF4B-00C04F79EFBC}") = "AudioBaseAPI", "AudioBaseAPI\AudioBaseAPI.csproj", "{B222DB5E-55A0-40D5-9452-7CE6299B60D5}"
EndProject
Project("{FAE04EC0-301F-11D3-BF4B-00C04F79EFBC}") = "Application", "Application\Application.csproj", "{0DF880D1-2305-4F65-A029-B80ADFA1DFC1}"
EndProject
Project("{FAE04EC0-301F-11D3-BF4B-00C04F79EFBC}") = "Domain", "Domain\Domain.csproj", "{8AB0AB3F-670D-41AE-AFB4-BC000129C2C0}"
EndProject
Project("{FAE04EC0-301F-11D3-BF4B-00C04F79EFBC}") = "Infrastructure", "Infrastructure\Infrastructure.csproj", "{A6D6F80B-255E-4444-B8A5-DB92FD885F1A}"
EndProject
Project("{FAE04EC0-301F-11D3-BF4B-00C04F79EFBC}") = "Presentation", "Presentation\Presentation.csproj", "{51F6A552-DC1E-4FFC-94C8-8876C0EC0E98}"
EndProject
Project("{2150E333-8FDC-42A3-9474-1A3956D46DE8}") = "Solution Items", "Solution Items", "{54262870-8B76-4E0F-B126-FB2DC4ECB5B2}"
	ProjectSection(SolutionItems) = preProject
		docker-compose.yml = docker-compose.yml
		.github\workflows\main.yml = .github\workflows\main.yml
		.env = .env
	EndProjectSection
EndProject
Project("{2150E333-8FDC-42A3-9474-1A3956D46DE8}") = "Tests", "Tests", "{14D4476B-8AB8-4047-B4F0-E5BBC0F51D24}"
EndProject
Project("{FAE04EC0-301F-11D3-BF4B-00C04F79EFBC}") = "ArchitectureTests", "Tests\ArchitectureTests\ArchitectureTests.csproj", "{B167027A-F81E-4E40-90C9-26B1DF88837C}"
EndProject
Project("{FAE04EC0-301F-11D3-BF4B-00C04F79EFBC}") = "DomainTests", "Tests\DomainTests\DomainTests.csproj", "{71D308E1-4B4B-41EF-BC93-C7FF374736A1}"
EndProject
Project("{FAE04EC0-301F-11D3-BF4B-00C04F79EFBC}") = "InfrastructureTests", "Tests\InfrastructureTests\InfrastructureTests.csproj", "{7826D12C-A19A-4B36-83AB-4CD81B87D074}"
EndProject
Project("{FAE04EC0-301F-11D3-BF4B-00C04F79EFBC}") = "ApplicationTests", "Tests\ApplicationTests\ApplicationTests.csproj", "{BACB7069-8569-4226-B208-34B4FDE959EC}"
EndProject
Project("{FAE04EC0-301F-11D3-BF4B-00C04F79EFBC}") = "IntegrationTests", "Tests\IntegrationTests\IntegrationTests.csproj", "{192B6C4D-4E9A-4CCD-ABC1-EF4277D0B4EA}"
EndProject
Global
	GlobalSection(SolutionConfigurationPlatforms) = preSolution
		Debug|Any CPU = Debug|Any CPU
		Release|Any CPU = Release|Any CPU
	EndGlobalSection
	GlobalSection(ProjectConfigurationPlatforms) = postSolution
		{B222DB5E-55A0-40D5-9452-7CE6299B60D5}.Debug|Any CPU.ActiveCfg = Debug|Any CPU
		{B222DB5E-55A0-40D5-9452-7CE6299B60D5}.Debug|Any CPU.Build.0 = Debug|Any CPU
		{B222DB5E-55A0-40D5-9452-7CE6299B60D5}.Release|Any CPU.ActiveCfg = Release|Any CPU
		{B222DB5E-55A0-40D5-9452-7CE6299B60D5}.Release|Any CPU.Build.0 = Release|Any CPU
		{0DF880D1-2305-4F65-A029-B80ADFA1DFC1}.Debug|Any CPU.ActiveCfg = Debug|Any CPU
		{0DF880D1-2305-4F65-A029-B80ADFA1DFC1}.Debug|Any CPU.Build.0 = Debug|Any CPU
		{0DF880D1-2305-4F65-A029-B80ADFA1DFC1}.Release|Any CPU.ActiveCfg = Release|Any CPU
		{0DF880D1-2305-4F65-A029-B80ADFA1DFC1}.Release|Any CPU.Build.0 = Release|Any CPU
		{8AB0AB3F-670D-41AE-AFB4-BC000129C2C0}.Debug|Any CPU.ActiveCfg = Debug|Any CPU
		{8AB0AB3F-670D-41AE-AFB4-BC000129C2C0}.Debug|Any CPU.Build.0 = Debug|Any CPU
		{8AB0AB3F-670D-41AE-AFB4-BC000129C2C0}.Release|Any CPU.ActiveCfg = Release|Any CPU
		{8AB0AB3F-670D-41AE-AFB4-BC000129C2C0}.Release|Any CPU.Build.0 = Release|Any CPU
		{A6D6F80B-255E-4444-B8A5-DB92FD885F1A}.Debug|Any CPU.ActiveCfg = Debug|Any CPU
		{A6D6F80B-255E-4444-B8A5-DB92FD885F1A}.Debug|Any CPU.Build.0 = Debug|Any CPU
		{A6D6F80B-255E-4444-B8A5-DB92FD885F1A}.Release|Any CPU.ActiveCfg = Release|Any CPU
		{A6D6F80B-255E-4444-B8A5-DB92FD885F1A}.Release|Any CPU.Build.0 = Release|Any CPU
		{51F6A552-DC1E-4FFC-94C8-8876C0EC0E98}.Debug|Any CPU.ActiveCfg = Debug|Any CPU
		{51F6A552-DC1E-4FFC-94C8-8876C0EC0E98}.Debug|Any CPU.Build.0 = Debug|Any CPU
		{51F6A552-DC1E-4FFC-94C8-8876C0EC0E98}.Release|Any CPU.ActiveCfg = Release|Any CPU
		{51F6A552-DC1E-4FFC-94C8-8876C0EC0E98}.Release|Any CPU.Build.0 = Release|Any CPU
		{B167027A-F81E-4E40-90C9-26B1DF88837C}.Debug|Any CPU.ActiveCfg = Debug|Any CPU
		{B167027A-F81E-4E40-90C9-26B1DF88837C}.Debug|Any CPU.Build.0 = Debug|Any CPU
		{B167027A-F81E-4E40-90C9-26B1DF88837C}.Release|Any CPU.ActiveCfg = Release|Any CPU
		{B167027A-F81E-4E40-90C9-26B1DF88837C}.Release|Any CPU.Build.0 = Release|Any CPU
		{71D308E1-4B4B-41EF-BC93-C7FF374736A1}.Debug|Any CPU.ActiveCfg = Debug|Any CPU
		{71D308E1-4B4B-41EF-BC93-C7FF374736A1}.Debug|Any CPU.Build.0 = Debug|Any CPU
		{71D308E1-4B4B-41EF-BC93-C7FF374736A1}.Release|Any CPU.ActiveCfg = Release|Any CPU
		{71D308E1-4B4B-41EF-BC93-C7FF374736A1}.Release|Any CPU.Build.0 = Release|Any CPU
		{7826D12C-A19A-4B36-83AB-4CD81B87D074}.Debug|Any CPU.ActiveCfg = Debug|Any CPU
		{7826D12C-A19A-4B36-83AB-4CD81B87D074}.Debug|Any CPU.Build.0 = Debug|Any CPU
		{7826D12C-A19A-4B36-83AB-4CD81B87D074}.Release|Any CPU.ActiveCfg = Release|Any CPU
		{7826D12C-A19A-4B36-83AB-4CD81B87D074}.Release|Any CPU.Build.0 = Release|Any CPU
		{BACB7069-8569-4226-B208-34B4FDE959EC}.Debug|Any CPU.ActiveCfg = Debug|Any CPU
		{BACB7069-8569-4226-B208-34B4FDE959EC}.Debug|Any CPU.Build.0 = Debug|Any CPU
		{BACB7069-8569-4226-B208-34B4FDE959EC}.Release|Any CPU.ActiveCfg = Release|Any CPU
		{BACB7069-8569-4226-B208-34B4FDE959EC}.Release|Any CPU.Build.0 = Release|Any CPU
		{192B6C4D-4E9A-4CCD-ABC1-EF4277D0B4EA}.Debug|Any CPU.ActiveCfg = Debug|Any CPU
		{192B6C4D-4E9A-4CCD-ABC1-EF4277D0B4EA}.Debug|Any CPU.Build.0 = Debug|Any CPU
		{192B6C4D-4E9A-4CCD-ABC1-EF4277D0B4EA}.Release|Any CPU.ActiveCfg = Release|Any CPU
		{192B6C4D-4E9A-4CCD-ABC1-EF4277D0B4EA}.Release|Any CPU.Build.0 = Release|Any CPU
	EndGlobalSection
	GlobalSection(NestedProjects) = preSolution
		{B167027A-F81E-4E40-90C9-26B1DF88837C} = {14D4476B-8AB8-4047-B4F0-E5BBC0F51D24}
		{71D308E1-4B4B-41EF-BC93-C7FF374736A1} = {14D4476B-8AB8-4047-B4F0-E5BBC0F51D24}
		{7826D12C-A19A-4B36-83AB-4CD81B87D074} = {14D4476B-8AB8-4047-B4F0-E5BBC0F51D24}
		{BACB7069-8569-4226-B208-34B4FDE959EC} = {14D4476B-8AB8-4047-B4F0-E5BBC0F51D24}
		{192B6C4D-4E9A-4CCD-ABC1-EF4277D0B4EA} = {14D4476B-8AB8-4047-B4F0-E5BBC0F51D24}
	EndGlobalSection
EndGlobal
